<Solution>
  <Folder Name="/BuildingBlocks/">
    <Project Path="src/BuildingBlocks/Kikoff.BuildingBlocks.Modules/Kikoff.BuildingBlocks.Modules.csproj" />
  </Folder>
  <Folder Name="/Solution Items/">
    <File Path="compose.yaml" />
  </Folder>
  <Project Path="src/Kikoff.Api/Kikoff.Api.csproj" />
</Solution>
